// !$*UTF8*$!
{
	archiveVersion = 1;
	classes = {
	};
	objectVersion = 50;
	objects = {

/* Begin PBXBuildFile section */
		25B4325A3CCC1E84B35B16DE /* Pods_TestCaseDemoTests.framework in Frameworks */ = {isa = PBXBuildFile; fileRef = 49564E2B0E45157B915FE819 /* Pods_TestCaseDemoTests.framework */; };
		285E73877A0BCCC7D353883D /* Pods_TestCaseDemo.framework in Frameworks */ = {isa = PBXBuildFile; fileRef = 55955311826CEB7EC251D26B /* Pods_TestCaseDemo.framework */; };
		3B244CF42509187F00246356 /* Validation.swift in Sources */ = {isa = PBXBuildFile; fileRef = 3B244CF32509187F00246356 /* Validation.swift */; };
		3BDCA52B25076F96009D0380 /* AppDelegate.swift in Sources */ = {isa = PBXBuildFile; fileRef = 3BDCA52A25076F96009D0380 /* AppDelegate.swift */; };
		3BDCA52D25076F96009D0380 /* SceneDelegate.swift in Sources */ = {isa = PBXBuildFile; fileRef = 3BDCA52C25076F96009D0380 /* SceneDelegate.swift */; };
		3BDCA52F25076F96009D0380 /* ViewController.swift in Sources */ = {isa = PBXBuildFile; fileRef = 3BDCA52E25076F96009D0380 /* ViewController.swift */; };
		3BDCA53225076F96009D0380 /* Main.storyboard in Resources */ = {isa = PBXBuildFile; fileRef = 3BDCA53025076F96009D0380 /* Main.storyboard */; };
		3BDCA53425076FB4009D0380 /* Assets.xcassets in Resources */ = {isa = PBXBuildFile; fileRef = 3BDCA53325076FB4009D0380 /* Assets.xcassets */; };
		3BDCA53725076FB4009D0380 /* LaunchScreen.storyboard in Resources */ = {isa = PBXBuildFile; fileRef = 3BDCA53525076FB4009D0380 /* LaunchScreen.storyboard */; };
		3BDCA54225076FB6009D0380 /* TestCaseDemoTests.swift in Sources */ = {isa = PBXBuildFile; fileRef = 3BDCA54125076FB6009D0380 /* TestCaseDemoTests.swift */; };
		3BDCA54D25076FB6009D0380 /* TestCaseDemoUITests.swift in Sources */ = {isa = PBXBuildFile; fileRef = 3BDCA54C25076FB6009D0380 /* TestCaseDemoUITests.swift */; };
		4F281287BB30574403E1B712 /* Pods_TestCaseDemo_TestCaseDemoUITests.framework in Frameworks */ = {isa = PBXBuildFile; fileRef = C9F6E2B87F1636E3AD1076DE /* Pods_TestCaseDemo_TestCaseDemoUITests.framework */; };
/* End PBXBuildFile section */

/* Begin PBXContainerItemProxy section */
		3BDCA53E25076FB6009D0380 /* PBXContainerItemProxy */ = {
			isa = PBXContainerItemProxy;
			containerPortal = 3BDCA51F25076F96009D0380 /* Project object */;
			proxyType = 1;
			remoteGlobalIDString = 3BDCA52625076F96009D0380;
			remoteInfo = TestCaseDemo;
		};
		3BDCA54925076FB6009D0380 /* PBXContainerItemProxy */ = {
			isa = PBXContainerItemProxy;
			containerPortal = 3BDCA51F25076F96009D0380 /* Project object */;
			proxyType = 1;
			remoteGlobalIDString = 3BDCA52625076F96009D0380;
			remoteInfo = TestCaseDemo;
		};
/* End PBXContainerItemProxy section */

/* Begin PBXFileReference section */
		142B60A0AC661F7258C0B0BC /* Pods-TestCaseDemo-TestCaseDemoUITests.debug.xcconfig */ = {isa = PBXFileReference; includeInIndex = 1; lastKnownFileType = text.xcconfig; name = "Pods-TestCaseDemo-TestCaseDemoUITests.debug.xcconfig"; path = "Target Support Files/Pods-TestCaseDemo-TestCaseDemoUITests/Pods-TestCaseDemo-TestCaseDemoUITests.debug.xcconfig"; sourceTree = "<group>"; };
		19880CFE25808D1330383044 /* Pods-TestCaseDemo.release.xcconfig */ = {isa = PBXFileReference; includeInIndex = 1; lastKnownFileType = text.xcconfig; name = "Pods-TestCaseDemo.release.xcconfig"; path = "Target Support Files/Pods-TestCaseDemo/Pods-TestCaseDemo.release.xcconfig"; sourceTree = "<group>"; };
		3B244CF32509187F00246356 /* Validation.swift */ = {isa = PBXFileReference; lastKnownFileType = sourcecode.swift; path = Validation.swift; sourceTree = "<group>"; };
		3BDCA52725076F96009D0380 /* TestCaseDemo.app */ = {isa = PBXFileReference; explicitFileType = wrapper.application; includeInIndex = 0; path = TestCaseDemo.app; sourceTree = BUILT_PRODUCTS_DIR; };
		3BDCA52A25076F96009D0380 /* AppDelegate.swift */ = {isa = PBXFileReference; lastKnownFileType = sourcecode.swift; path = AppDelegate.swift; sourceTree = "<group>"; };
		3BDCA52C25076F96009D0380 /* SceneDelegate.swift */ = {isa = PBXFileReference; lastKnownFileType = sourcecode.swift; path = SceneDelegate.swift; sourceTree = "<group>"; };
		3BDCA52E25076F96009D0380 /* ViewController.swift */ = {isa = PBXFileReference; lastKnownFileType = sourcecode.swift; path = ViewController.swift; sourceTree = "<group>"; };
		3BDCA53125076F96009D0380 /* Base */ = {isa = PBXFileReference; lastKnownFileType = file.storyboard; name = Base; path = Base.lproj/Main.storyboard; sourceTree = "<group>"; };
		3BDCA53325076FB4009D0380 /* Assets.xcassets */ = {isa = PBXFileReference; lastKnownFileType = folder.assetcatalog; path = Assets.xcassets; sourceTree = "<group>"; };
		3BDCA53625076FB4009D0380 /* Base */ = {isa = PBXFileReference; lastKnownFileType = file.storyboard; name = Base; path = Base.lproj/LaunchScreen.storyboard; sourceTree = "<group>"; };
		3BDCA53825076FB4009D0380 /* Info.plist */ = {isa = PBXFileReference; lastKnownFileType = text.plist.xml; path = Info.plist; sourceTree = "<group>"; };
		3BDCA53D25076FB6009D0380 /* TestCaseDemoTests.xctest */ = {isa = PBXFileReference; explicitFileType = wrapper.cfbundle; includeInIndex = 0; path = TestCaseDemoTests.xctest; sourceTree = BUILT_PRODUCTS_DIR; };
		3BDCA54125076FB6009D0380 /* TestCaseDemoTests.swift */ = {isa = PBXFileReference; lastKnownFileType = sourcecode.swift; path = TestCaseDemoTests.swift; sourceTree = "<group>"; };
		3BDCA54325076FB6009D0380 /* Info.plist */ = {isa = PBXFileReference; lastKnownFileType = text.plist.xml; path = Info.plist; sourceTree = "<group>"; };
		3BDCA54825076FB6009D0380 /* TestCaseDemoUITests.xctest */ = {isa = PBXFileReference; explicitFileType = wrapper.cfbundle; includeInIndex = 0; path = TestCaseDemoUITests.xctest; sourceTree = BUILT_PRODUCTS_DIR; };
		3BDCA54C25076FB6009D0380 /* TestCaseDemoUITests.swift */ = {isa = PBXFileReference; lastKnownFileType = sourcecode.swift; path = TestCaseDemoUITests.swift; sourceTree = "<group>"; };
		3BDCA54E25076FB6009D0380 /* Info.plist */ = {isa = PBXFileReference; lastKnownFileType = text.plist.xml; path = Info.plist; sourceTree = "<group>"; };
		49564E2B0E45157B915FE819 /* Pods_TestCaseDemoTests.framework */ = {isa = PBXFileReference; explicitFileType = wrapper.framework; includeInIndex = 0; path = Pods_TestCaseDemoTests.framework; sourceTree = BUILT_PRODUCTS_DIR; };
		55955311826CEB7EC251D26B /* Pods_TestCaseDemo.framework */ = {isa = PBXFileReference; explicitFileType = wrapper.framework; includeInIndex = 0; path = Pods_TestCaseDemo.framework; sourceTree = BUILT_PRODUCTS_DIR; };
		67FB9D0FA0B0408AB7FD2646 /* Pods-TestCaseDemo-TestCaseDemoUITests.release.xcconfig */ = {isa = PBXFileReference; includeInIndex = 1; lastKnownFileType = text.xcconfig; name = "Pods-TestCaseDemo-TestCaseDemoUITests.release.xcconfig"; path = "Target Support Files/Pods-TestCaseDemo-TestCaseDemoUITests/Pods-TestCaseDemo-TestCaseDemoUITests.release.xcconfig"; sourceTree = "<group>"; };
		884759FC5A53B68A31C64CF9 /* Pods-TestCaseDemoTests.debug.xcconfig */ = {isa = PBXFileReference; includeInIndex = 1; lastKnownFileType = text.xcconfig; name = "Pods-TestCaseDemoTests.debug.xcconfig"; path = "Target Support Files/Pods-TestCaseDemoTests/Pods-TestCaseDemoTests.debug.xcconfig"; sourceTree = "<group>"; };
		A35E9C40A27EDB80BF63C4A7 /* Pods-TestCaseDemo.debug.xcconfig */ = {isa = PBXFileReference; includeInIndex = 1; lastKnownFileType = text.xcconfig; name = "Pods-TestCaseDemo.debug.xcconfig"; path = "Target Support Files/Pods-TestCaseDemo/Pods-TestCaseDemo.debug.xcconfig"; sourceTree = "<group>"; };
		C9F6E2B87F1636E3AD1076DE /* Pods_TestCaseDemo_TestCaseDemoUITests.framework */ = {isa = PBXFileReference; explicitFileType = wrapper.framework; includeInIndex = 0; path = Pods_TestCaseDemo_TestCaseDemoUITests.framework; sourceTree = BUILT_PRODUCTS_DIR; };
		F929EB7DA35D2D1E9821AB9D /* Pods-TestCaseDemoTests.release.xcconfig */ = {isa = PBXFileReference; includeInIndex = 1; lastKnownFileType = text.xcconfig; name = "Pods-TestCaseDemoTests.release.xcconfig"; path = "Target Support Files/Pods-TestCaseDemoTests/Pods-TestCaseDemoTests.release.xcconfig"; sourceTree = "<group>"; };
/* End PBXFileReference section */

/* Begin PBXFrameworksBuildPhase section */
		3BDCA52425076F96009D0380 /* Frameworks */ = {
			isa = PBXFrameworksBuildPhase;
			buildActionMask = 2147483647;
			files = (
				285E73877A0BCCC7D353883D /* Pods_TestCaseDemo.framework in Frameworks */,
			);
			runOnlyForDeploymentPostprocessing = 0;
		};
		3BDCA53A25076FB6009D0380 /* Frameworks */ = {
			isa = PBXFrameworksBuildPhase;
			buildActionMask = 2147483647;
			files = (
				25B4325A3CCC1E84B35B16DE /* Pods_TestCaseDemoTests.framework in Frameworks */,
			);
			runOnlyForDeploymentPostprocessing = 0;
		};
		3BDCA54525076FB6009D0380 /* Frameworks */ = {
			isa = PBXFrameworksBuildPhase;
			buildActionMask = 2147483647;
			files = (
				4F281287BB30574403E1B712 /* Pods_TestCaseDemo_TestCaseDemoUITests.framework in Frameworks */,
			);
			runOnlyForDeploymentPostprocessing = 0;
		};
/* End PBXFrameworksBuildPhase section */

/* Begin PBXGroup section */
		3B244CF52509208600246356 /* Controller */ = {
			isa = PBXGroup;
			children = (
				3BDCA52E25076F96009D0380 /* ViewController.swift */,
			);
			path = Controller;
			sourceTree = "<group>";
		};
		3B244CF62509209500246356 /* Validation */ = {
			isa = PBXGroup;
			children = (
				3B244CF32509187F00246356 /* Validation.swift */,
			);
			path = Validation;
			sourceTree = "<group>";
		};
		3B244CF7250920B700246356 /* View */ = {
			isa = PBXGroup;
			children = (
				3BDCA53025076F96009D0380 /* Main.storyboard */,
			);
			path = View;
			sourceTree = "<group>";
		};
		3BDCA51E25076F96009D0380 = {
			isa = PBXGroup;
			children = (
				3BDCA52925076F96009D0380 /* TestCaseDemo */,
				3BDCA54025076FB6009D0380 /* TestCaseDemoTests */,
				3BDCA54B25076FB6009D0380 /* TestCaseDemoUITests */,
				3BDCA52825076F96009D0380 /* Products */,
				9A0AA88F2EF89CF9B77A99AB /* Pods */,
				A32A30998E362F8B713A1C12 /* Frameworks */,
			);
			sourceTree = "<group>";
		};
		3BDCA52825076F96009D0380 /* Products */ = {
			isa = PBXGroup;
			children = (
				3BDCA52725076F96009D0380 /* TestCaseDemo.app */,
				3BDCA53D25076FB6009D0380 /* TestCaseDemoTests.xctest */,
				3BDCA54825076FB6009D0380 /* TestCaseDemoUITests.xctest */,
			);
			name = Products;
			sourceTree = "<group>";
		};
		3BDCA52925076F96009D0380 /* TestCaseDemo */ = {
			isa = PBXGroup;
			children = (
				3BDCA52A25076F96009D0380 /* AppDelegate.swift */,
				3BDCA52C25076F96009D0380 /* SceneDelegate.swift */,
				3B244CF62509209500246356 /* Validation */,
				3B244CF52509208600246356 /* Controller */,
				3B244CF7250920B700246356 /* View */,
				3BDCA53325076FB4009D0380 /* Assets.xcassets */,
				3BDCA53525076FB4009D0380 /* LaunchScreen.storyboard */,
				3BDCA53825076FB4009D0380 /* Info.plist */,
			);
			path = TestCaseDemo;
			sourceTree = "<group>";
		};
		3BDCA54025076FB6009D0380 /* TestCaseDemoTests */ = {
			isa = PBXGroup;
			children = (
				3BDCA54125076FB6009D0380 /* TestCaseDemoTests.swift */,
				3BDCA54325076FB6009D0380 /* Info.plist */,
			);
			path = TestCaseDemoTests;
			sourceTree = "<group>";
		};
		3BDCA54B25076FB6009D0380 /* TestCaseDemoUITests */ = {
			isa = PBXGroup;
			children = (
				3BDCA54C25076FB6009D0380 /* TestCaseDemoUITests.swift */,
				3BDCA54E25076FB6009D0380 /* Info.plist */,
			);
			path = TestCaseDemoUITests;
			sourceTree = "<group>";
		};
		9A0AA88F2EF89CF9B77A99AB /* Pods */ = {
			isa = PBXGroup;
			children = (
				A35E9C40A27EDB80BF63C4A7 /* Pods-TestCaseDemo.debug.xcconfig */,
				19880CFE25808D1330383044 /* Pods-TestCaseDemo.release.xcconfig */,
				142B60A0AC661F7258C0B0BC /* Pods-TestCaseDemo-TestCaseDemoUITests.debug.xcconfig */,
				67FB9D0FA0B0408AB7FD2646 /* Pods-TestCaseDemo-TestCaseDemoUITests.release.xcconfig */,
				884759FC5A53B68A31C64CF9 /* Pods-TestCaseDemoTests.debug.xcconfig */,
				F929EB7DA35D2D1E9821AB9D /* Pods-TestCaseDemoTests.release.xcconfig */,
			);
			path = Pods;
			sourceTree = "<group>";
		};
		A32A30998E362F8B713A1C12 /* Frameworks */ = {
			isa = PBXGroup;
			children = (
				55955311826CEB7EC251D26B /* Pods_TestCaseDemo.framework */,
				C9F6E2B87F1636E3AD1076DE /* Pods_TestCaseDemo_TestCaseDemoUITests.framework */,
				49564E2B0E45157B915FE819 /* Pods_TestCaseDemoTests.framework */,
			);
			name = Frameworks;
			sourceTree = "<group>";
		};
/* End PBXGroup section */

/* Begin PBXNativeTarget section */
		3BDCA52625076F96009D0380 /* TestCaseDemo */ = {
			isa = PBXNativeTarget;
			buildConfigurationList = 3BDCA55125076FB6009D0380 /* Build configuration list for PBXNativeTarget "TestCaseDemo" */;
			buildPhases = (
				C3E88E93B0598F320CD532DD /* [CP] Check Pods Manifest.lock */,
				3BDCA52325076F96009D0380 /* Sources */,
				3BDCA52425076F96009D0380 /* Frameworks */,
				3BDCA52525076F96009D0380 /* Resources */,
				3B244CF8250924C000246356 /* ShellScript */,
			);
			buildRules = (
			);
			dependencies = (
			);
			name = TestCaseDemo;
			productName = TestCaseDemo;
			productReference = 3BDCA52725076F96009D0380 /* TestCaseDemo.app */;
			productType = "com.apple.product-type.application";
		};
		3BDCA53C25076FB6009D0380 /* TestCaseDemoTests */ = {
			isa = PBXNativeTarget;
			buildConfigurationList = 3BDCA55425076FB6009D0380 /* Build configuration list for PBXNativeTarget "TestCaseDemoTests" */;
			buildPhases = (
				B8AF9795A6535D41036861A4 /* [CP] Check Pods Manifest.lock */,
				3BDCA53925076FB6009D0380 /* Sources */,
				3BDCA53A25076FB6009D0380 /* Frameworks */,
				3BDCA53B25076FB6009D0380 /* Resources */,
			);
			buildRules = (
			);
			dependencies = (
				3BDCA53F25076FB6009D0380 /* PBXTargetDependency */,
			);
			name = TestCaseDemoTests;
			productName = TestCaseDemoTests;
			productReference = 3BDCA53D25076FB6009D0380 /* TestCaseDemoTests.xctest */;
			productType = "com.apple.product-type.bundle.unit-test";
		};
		3BDCA54725076FB6009D0380 /* TestCaseDemoUITests */ = {
			isa = PBXNativeTarget;
			buildConfigurationList = 3BDCA55725076FB6009D0380 /* Build configuration list for PBXNativeTarget "TestCaseDemoUITests" */;
			buildPhases = (
				CCAEBF5057E8162DEE2EF883 /* [CP] Check Pods Manifest.lock */,
				3BDCA54425076FB6009D0380 /* Sources */,
				3BDCA54525076FB6009D0380 /* Frameworks */,
				3BDCA54625076FB6009D0380 /* Resources */,
			);
			buildRules = (
			);
			dependencies = (
				3BDCA54A25076FB6009D0380 /* PBXTargetDependency */,
			);
			name = TestCaseDemoUITests;
			productName = TestCaseDemoUITests;
			productReference = 3BDCA54825076FB6009D0380 /* TestCaseDemoUITests.xctest */;
			productType = "com.apple.product-type.bundle.ui-testing";
		};
/* End PBXNativeTarget section */

/* Begin PBXProject section */
		3BDCA51F25076F96009D0380 /* Project object */ = {
			isa = PBXProject;
			attributes = {
				LastSwiftUpdateCheck = 1170;
				LastUpgradeCheck = 1170;
				ORGANIZATIONNAME = "Karthik Rajan T ";
				TargetAttributes = {
					3BDCA52625076F96009D0380 = {
						CreatedOnToolsVersion = 11.7;
					};
					3BDCA53C25076FB6009D0380 = {
						CreatedOnToolsVersion = 11.7;
						TestTargetID = 3BDCA52625076F96009D0380;
					};
					3BDCA54725076FB6009D0380 = {
						CreatedOnToolsVersion = 11.7;
						TestTargetID = 3BDCA52625076F96009D0380;
					};
				};
			};
			buildConfigurationList = 3BDCA52225076F96009D0380 /* Build configuration list for PBXProject "TestCaseDemo" */;
			compatibilityVersion = "Xcode 9.3";
			developmentRegion = en;
			hasScannedForEncodings = 0;
			knownRegions = (
				en,
				Base,
			);
			mainGroup = 3BDCA51E25076F96009D0380;
			productRefGroup = 3BDCA52825076F96009D0380 /* Products */;
			projectDirPath = "";
			projectRoot = "";
			targets = (
				3BDCA52625076F96009D0380 /* TestCaseDemo */,
				3BDCA53C25076FB6009D0380 /* TestCaseDemoTests */,
				3BDCA54725076FB6009D0380 /* TestCaseDemoUITests */,
			);
		};
/* End PBXProject section */

/* Begin PBXResourcesBuildPhase section */
		3BDCA52525076F96009D0380 /* Resources */ = {
			isa = PBXResourcesBuildPhase;
			buildActionMask = 2147483647;
			files = (
				3BDCA53725076FB4009D0380 /* LaunchScreen.storyboard in Resources */,
				3BDCA53425076FB4009D0380 /* Assets.xcassets in Resources */,
				3BDCA53225076F96009D0380 /* Main.storyboard in Resources */,
			);
			runOnlyForDeploymentPostprocessing = 0;
		};
		3BDCA53B25076FB6009D0380 /* Resources */ = {
			isa = PBXResourcesBuildPhase;
			buildActionMask = 2147483647;
			files = (
			);
			runOnlyForDeploymentPostprocessing = 0;
		};
		3BDCA54625076FB6009D0380 /* Resources */ = {
			isa = PBXResourcesBuildPhase;
			buildActionMask = 2147483647;
			files = (
			);
			runOnlyForDeploymentPostprocessing = 0;
		};
/* End PBXResourcesBuildPhase section */

/* Begin PBXShellScriptBuildPhase section */
		3B244CF8250924C000246356 /* ShellScript */ = {
			isa = PBXShellScriptBuildPhase;
			buildActionMask = 2147483647;
			files = (
			);
			inputFileListPaths = (
			);
			inputPaths = (
			);
			outputFileListPaths = (
			);
			outputPaths = (
			);
			runOnlyForDeploymentPostprocessing = 0;
			shellPath = /bin/sh;
			shellScript = "if which swiftlint >/dev/null; then\n  swiftlint\nelse\n  echo \"warning: SwiftLint not installed, download from https://github.com/realm/SwiftLint\"\nfi\n";
		};
		B8AF9795A6535D41036861A4 /* [CP] Check Pods Manifest.lock */ = {
			isa = PBXShellScriptBuildPhase;
			buildActionMask = 2147483647;
			files = (
			);
			inputFileListPaths = (
			);
			inputPaths = (
				"${PODS_PODFILE_DIR_PATH}/Podfile.lock",
				"${PODS_ROOT}/Manifest.lock",
			);
			name = "[CP] Check Pods Manifest.lock";
			outputFileListPaths = (
			);
			outputPaths = (
				"$(DERIVED_FILE_DIR)/Pods-TestCaseDemoTests-checkManifestLockResult.txt",
			);
			runOnlyForDeploymentPostprocessing = 0;
			shellPath = /bin/sh;
			shellScript = "diff \"${PODS_PODFILE_DIR_PATH}/Podfile.lock\" \"${PODS_ROOT}/Manifest.lock\" > /dev/null\nif [ $? != 0 ] ; then\n    # print error to STDERR\n    echo \"error: The sandbox is not in sync with the Podfile.lock. Run 'pod install' or update your CocoaPods installation.\" >&2\n    exit 1\nfi\n# This output is used by Xcode 'outputs' to avoid re-running this script phase.\necho \"SUCCESS\" > \"${SCRIPT_OUTPUT_FILE_0}\"\n";
			showEnvVarsInLog = 0;
		};
		C3E88E93B0598F320CD532DD /* [CP] Check Pods Manifest.lock */ = {
			isa = PBXShellScriptBuildPhase;
			buildActionMask = 2147483647;
			files = (
			);
			inputFileListPaths = (
			);
			inputPaths = (
				"${PODS_PODFILE_DIR_PATH}/Podfile.lock",
				"${PODS_ROOT}/Manifest.lock",
			);
			name = "[CP] Check Pods Manifest.lock";
			outputFileListPaths = (
			);
			outputPaths = (
				"$(DERIVED_FILE_DIR)/Pods-TestCaseDemo-checkManifestLockResult.txt",
			);
			runOnlyForDeploymentPostprocessing = 0;
			shellPath = /bin/sh;
			shellScript = "diff \"${PODS_PODFILE_DIR_PATH}/Podfile.lock\" \"${PODS_ROOT}/Manifest.lock\" > /dev/null\nif [ $? != 0 ] ; then\n    # print error to STDERR\n    echo \"error: The sandbox is not in sync with the Podfile.lock. Run 'pod install' or update your CocoaPods installation.\" >&2\n    exit 1\nfi\n# This output is used by Xcode 'outputs' to avoid re-running this script phase.\necho \"SUCCESS\" > \"${SCRIPT_OUTPUT_FILE_0}\"\n";
			showEnvVarsInLog = 0;
		};
		CCAEBF5057E8162DEE2EF883 /* [CP] Check Pods Manifest.lock */ = {
			isa = PBXShellScriptBuildPhase;
			buildActionMask = 2147483647;
			files = (
			);
			inputFileListPaths = (
			);
			inputPaths = (
				"${PODS_PODFILE_DIR_PATH}/Podfile.lock",
				"${PODS_ROOT}/Manifest.lock",
			);
			name = "[CP] Check Pods Manifest.lock";
			outputFileListPaths = (
			);
			outputPaths = (
				"$(DERIVED_FILE_DIR)/Pods-TestCaseDemo-TestCaseDemoUITests-checkManifestLockResult.txt",
			);
			runOnlyForDeploymentPostprocessing = 0;
			shellPath = /bin/sh;
			shellScript = "diff \"${PODS_PODFILE_DIR_PATH}/Podfile.lock\" \"${PODS_ROOT}/Manifest.lock\" > /dev/null\nif [ $? != 0 ] ; then\n    # print error to STDERR\n    echo \"error: The sandbox is not in sync with the Podfile.lock. Run 'pod install' or update your CocoaPods installation.\" >&2\n    exit 1\nfi\n# This output is used by Xcode 'outputs' to avoid re-running this script phase.\necho \"SUCCESS\" > \"${SCRIPT_OUTPUT_FILE_0}\"\n";
			showEnvVarsInLog = 0;
		};
/* End PBXShellScriptBuildPhase section */

/* Begin PBXSourcesBuildPhase section */
		3BDCA52325076F96009D0380 /* Sources */ = {
			isa = PBXSourcesBuildPhase;
			buildActionMask = 2147483647;
			files = (
				3BDCA52F25076F96009D0380 /* ViewController.swift in Sources */,
				3BDCA52B25076F96009D0380 /* AppDelegate.swift in Sources */,
				3B244CF42509187F00246356 /* Validation.swift in Sources */,
				3BDCA52D25076F96009D0380 /* SceneDelegate.swift in Sources */,
			);
			runOnlyForDeploymentPostprocessing = 0;
		};
		3BDCA53925076FB6009D0380 /* Sources */ = {
			isa = PBXSourcesBuildPhase;
			buildActionMask = 2147483647;
			files = (
				3BDCA54225076FB6009D0380 /* TestCaseDemoTests.swift in Sources */,
			);
			runOnlyForDeploymentPostprocessing = 0;
		};
		3BDCA54425076FB6009D0380 /* Sources */ = {
			isa = PBXSourcesBuildPhase;
			buildActionMask = 2147483647;
			files = (
				3BDCA54D25076FB6009D0380 /* TestCaseDemoUITests.swift in Sources */,
			);
			runOnlyForDeploymentPostprocessing = 0;
		};
/* End PBXSourcesBuildPhase section */

/* Begin PBXTargetDependency section */
		3BDCA53F25076FB6009D0380 /* PBXTargetDependency */ = {
			isa = PBXTargetDependency;
			target = 3BDCA52625076F96009D0380 /* TestCaseDemo */;
			targetProxy = 3BDCA53E25076FB6009D0380 /* PBXContainerItemProxy */;
		};
		3BDCA54A25076FB6009D0380 /* PBXTargetDependency */ = {
			isa = PBXTargetDependency;
			target = 3BDCA52625076F96009D0380 /* TestCaseDemo */;
			targetProxy = 3BDCA54925076FB6009D0380 /* PBXContainerItemProxy */;
		};
/* End PBXTargetDependency section */

/* Begin PBXVariantGroup section */
		3BDCA53025076F96009D0380 /* Main.storyboard */ = {
			isa = PBXVariantGroup;
			children = (
				3BDCA53125076F96009D0380 /* Base */,
			);
			name = Main.storyboard;
			sourceTree = "<group>";
		};
		3BDCA53525076FB4009D0380 /* LaunchScreen.storyboard */ = {
			isa = PBXVariantGroup;
			children = (
				3BDCA53625076FB4009D0380 /* Base */,
			);
			name = LaunchScreen.storyboard;
			sourceTree = "<group>";
		};
/* End PBXVariantGroup section */

/* Begin XCBuildConfiguration section */
		3BDCA54F25076FB6009D0380 /* Debug */ = {
			isa = XCBuildConfiguration;
			buildSettings = {
				ALWAYS_SEARCH_USER_PATHS = NO;
				CLANG_ANALYZER_NONNULL = YES;
				CLANG_ANALYZER_NUMBER_OBJECT_CONVERSION = YES_AGGRESSIVE;
				CLANG_CXX_LANGUAGE_STANDARD = "gnu++14";
				CLANG_CXX_LIBRARY = "libc++";
				CLANG_ENABLE_MODULES = YES;
				CLANG_ENABLE_OBJC_ARC = YES;
				CLANG_ENABLE_OBJC_WEAK = YES;
				CLANG_WARN_BLOCK_CAPTURE_AUTORELEASING = YES;
				CLANG_WARN_BOOL_CONVERSION = YES;
				CLANG_WARN_COMMA = YES;
				CLANG_WARN_CONSTANT_CONVERSION = YES;
				CLANG_WARN_DEPRECATED_OBJC_IMPLEMENTATIONS = YES;
				CLANG_WARN_DIRECT_OBJC_ISA_USAGE = YES_ERROR;
				CLANG_WARN_DOCUMENTATION_COMMENTS = YES;
				CLANG_WARN_EMPTY_BODY = YES;
				CLANG_WARN_ENUM_CONVERSION = YES;
				CLANG_WARN_INFINITE_RECURSION = YES;
				CLANG_WARN_INT_CONVERSION = YES;
				CLANG_WARN_NON_LITERAL_NULL_CONVERSION = YES;
				CLANG_WARN_OBJC_IMPLICIT_RETAIN_SELF = YES;
				CLANG_WARN_OBJC_LITERAL_CONVERSION = YES;
				CLANG_WARN_OBJC_ROOT_CLASS = YES_ERROR;
				CLANG_WARN_RANGE_LOOP_ANALYSIS = YES;
				CLANG_WARN_STRICT_PROTOTYPES = YES;
				CLANG_WARN_SUSPICIOUS_MOVE = YES;
				CLANG_WARN_UNGUARDED_AVAILABILITY = YES_AGGRESSIVE;
				CLANG_WARN_UNREACHABLE_CODE = YES;
				CLANG_WARN__DUPLICATE_METHOD_MATCH = YES;
				COPY_PHASE_STRIP = NO;
				DEBUG_INFORMATION_FORMAT = dwarf;
				ENABLE_STRICT_OBJC_MSGSEND = YES;
				ENABLE_TESTABILITY = YES;
				GCC_C_LANGUAGE_STANDARD = gnu11;
				GCC_DYNAMIC_NO_PIC = NO;
				GCC_NO_COMMON_BLOCKS = YES;
				GCC_OPTIMIZATION_LEVEL = 0;
				GCC_PREPROCESSOR_DEFINITIONS = (
					"DEBUG=1",
					"$(inherited)",
				);
				GCC_WARN_64_TO_32_BIT_CONVERSION = YES;
				GCC_WARN_ABOUT_RETURN_TYPE = YES_ERROR;
				GCC_WARN_UNDECLARED_SELECTOR = YES;
				GCC_WARN_UNINITIALIZED_AUTOS = YES_AGGRESSIVE;
				GCC_WARN_UNUSED_FUNCTION = YES;
				GCC_WARN_UNUSED_VARIABLE = YES;
				IPHONEOS_DEPLOYMENT_TARGET = 13.7;
				MTL_ENABLE_DEBUG_INFO = INCLUDE_SOURCE;
				MTL_FAST_MATH = YES;
				ONLY_ACTIVE_ARCH = YES;
				SDKROOT = iphoneos;
				SWIFT_ACTIVE_COMPILATION_CONDITIONS = DEBUG;
				SWIFT_OPTIMIZATION_LEVEL = "-Onone";
			};
			name = Debug;
		};
		3BDCA55025076FB6009D0380 /* Release */ = {
			isa = XCBuildConfiguration;
			buildSettings = {
				ALWAYS_SEARCH_USER_PATHS = NO;
				CLANG_ANALYZER_NONNULL = YES;
				CLANG_ANALYZER_NUMBER_OBJECT_CONVERSION = YES_AGGRESSIVE;
				CLANG_CXX_LANGUAGE_STANDARD = "gnu++14";
				CLANG_CXX_LIBRARY = "libc++";
				CLANG_ENABLE_MODULES = YES;
				CLANG_ENABLE_OBJC_ARC = YES;
				CLANG_ENABLE_OBJC_WEAK = YES;
				CLANG_WARN_BLOCK_CAPTURE_AUTORELEASING = YES;
				CLANG_WARN_BOOL_CONVERSION = YES;
				CLANG_WARN_COMMA = YES;
				CLANG_WARN_CONSTANT_CONVERSION = YES;
				CLANG_WARN_DEPRECATED_OBJC_IMPLEMENTATIONS = YES;
				CLANG_WARN_DIRECT_OBJC_ISA_USAGE = YES_ERROR;
				CLANG_WARN_DOCUMENTATION_COMMENTS = YES;
				CLANG_WARN_EMPTY_BODY = YES;
				CLANG_WARN_ENUM_CONVERSION = YES;
				CLANG_WARN_INFINITE_RECURSION = YES;
				CLANG_WARN_INT_CONVERSION = YES;
				CLANG_WARN_NON_LITERAL_NULL_CONVERSION = YES;
				CLANG_WARN_OBJC_IMPLICIT_RETAIN_SELF = YES;
				CLANG_WARN_OBJC_LITERAL_CONVERSION = YES;
				CLANG_WARN_OBJC_ROOT_CLASS = YES_ERROR;
				CLANG_WARN_RANGE_LOOP_ANALYSIS = YES;
				CLANG_WARN_STRICT_PROTOTYPES = YES;
				CLANG_WARN_SUSPICIOUS_MOVE = YES;
				CLANG_WARN_UNGUARDED_AVAILABILITY = YES_AGGRESSIVE;
				CLANG_WARN_UNREACHABLE_CODE = YES;
				CLANG_WARN__DUPLICATE_METHOD_MATCH = YES;
				COPY_PHASE_STRIP = NO;
				DEBUG_INFORMATION_FORMAT = "dwarf-with-dsym";
				ENABLE_NS_ASSERTIONS = NO;
				ENABLE_STRICT_OBJC_MSGSEND = YES;
				GCC_C_LANGUAGE_STANDARD = gnu11;
				GCC_NO_COMMON_BLOCKS = YES;
				GCC_WARN_64_TO_32_BIT_CONVERSION = YES;
				GCC_WARN_ABOUT_RETURN_TYPE = YES_ERROR;
				GCC_WARN_UNDECLARED_SELECTOR = YES;
				GCC_WARN_UNINITIALIZED_AUTOS = YES_AGGRESSIVE;
				GCC_WARN_UNUSED_FUNCTION = YES;
				GCC_WARN_UNUSED_VARIABLE = YES;
				IPHONEOS_DEPLOYMENT_TARGET = 13.7;
				MTL_ENABLE_DEBUG_INFO = NO;
				MTL_FAST_MATH = YES;
				SDKROOT = iphoneos;
				SWIFT_COMPILATION_MODE = wholemodule;
				SWIFT_OPTIMIZATION_LEVEL = "-O";
				VALIDATE_PRODUCT = YES;
			};
			name = Release;
		};
		3BDCA55225076FB6009D0380 /* Debug */ = {
			isa = XCBuildConfiguration;
			baseConfigurationReference = A35E9C40A27EDB80BF63C4A7 /* Pods-TestCaseDemo.debug.xcconfig */;
			buildSettings = {
				ASSETCATALOG_COMPILER_APPICON_NAME = AppIcon;
				CODE_SIGN_STYLE = Automatic;
				INFOPLIST_FILE = TestCaseDemo/Info.plist;
				LD_RUNPATH_SEARCH_PATHS = (
					"$(inherited)",
					"@executable_path/Frameworks",
				);
				PRODUCT_BUNDLE_IDENTIFIER = com.sparkout.TestCaseDemo;
				PRODUCT_NAME = "$(TARGET_NAME)";
				SWIFT_VERSION = 5.0;
				TARGETED_DEVICE_FAMILY = "1,2";
			};
			name = Debug;
		};
		3BDCA55325076FB6009D0380 /* Release */ = {
			isa = XCBuildConfiguration;
			baseConfigurationReference = 19880CFE25808D1330383044 /* Pods-TestCaseDemo.release.xcconfig */;
			buildSettings = {
				ASSETCATALOG_COMPILER_APPICON_NAME = AppIcon;
				CODE_SIGN_STYLE = Automatic;
				INFOPLIST_FILE = TestCaseDemo/Info.plist;
				LD_RUNPATH_SEARCH_PATHS = (
					"$(inherited)",
					"@executable_path/Frameworks",
				);
				PRODUCT_BUNDLE_IDENTIFIER = com.sparkout.TestCaseDemo;
				PRODUCT_NAME = "$(TARGET_NAME)";
				SWIFT_VERSION = 5.0;
				TARGETED_DEVICE_FAMILY = "1,2";
			};
			name = Release;
		};
		3BDCA55525076FB6009D0380 /* Debug */ = {
			isa = XCBuildConfiguration;
			baseConfigurationReference = 884759FC5A53B68A31C64CF9 /* Pods-TestCaseDemoTests.debug.xcconfig */;
			buildSettings = {
				ALWAYS_EMBED_SWIFT_STANDARD_LIBRARIES = YES;
				BUNDLE_LOADER = "$(TEST_HOST)";
				CODE_SIGN_STYLE = Automatic;
				INFOPLIST_FILE = TestCaseDemoTests/Info.plist;
				IPHONEOS_DEPLOYMENT_TARGET = 13.7;
				LD_RUNPATH_SEARCH_PATHS = (
					"$(inherited)",
					"@executable_path/Frameworks",
					"@loader_path/Frameworks",
				);
				PRODUCT_BUNDLE_IDENTIFIER = com.sparkout.TestCaseDemoTests;
				PRODUCT_NAME = "$(TARGET_NAME)";
				SWIFT_VERSION = 5.0;
				TARGETED_DEVICE_FAMILY = "1,2";
				TEST_HOST = "$(BUILT_PRODUCTS_DIR)/TestCaseDemo.app/TestCaseDemo";
			};
			name = Debug;
		};
		3BDCA55625076FB6009D0380 /* Release */ = {
			isa = XCBuildConfiguration;
			baseConfigurationReference = F929EB7DA35D2D1E9821AB9D /* Pods-TestCaseDemoTests.release.xcconfig */;
			buildSettings = {
				ALWAYS_EMBED_SWIFT_STANDARD_LIBRARIES = YES;
				BUNDLE_LOADER = "$(TEST_HOST)";
				CODE_SIGN_STYLE = Automatic;
				INFOPLIST_FILE = TestCaseDemoTests/Info.plist;
				IPHONEOS_DEPLOYMENT_TARGET = 13.7;
				LD_RUNPATH_SEARCH_PATHS = (
					"$(inherited)",
					"@executable_path/Frameworks",
					"@loader_path/Frameworks",
				);
				PRODUCT_BUNDLE_IDENTIFIER = com.sparkout.TestCaseDemoTests;
				PRODUCT_NAME = "$(TARGET_NAME)";
				SWIFT_VERSION = 5.0;
				TARGETED_DEVICE_FAMILY = "1,2";
				TEST_HOST = "$(BUILT_PRODUCTS_DIR)/TestCaseDemo.app/TestCaseDemo";
			};
			name = Release;
		};
		3BDCA55825076FB6009D0380 /* Debug */ = {
			isa = XCBuildConfiguration;
			baseConfigurationReference = 142B60A0AC661F7258C0B0BC /* Pods-TestCaseDemo-TestCaseDemoUITests.debug.xcconfig */;
			buildSettings = {
				ALWAYS_EMBED_SWIFT_STANDARD_LIBRARIES = YES;
				CODE_SIGN_STYLE = Automatic;
				INFOPLIST_FILE = TestCaseDemoUITests/Info.plist;
				LD_RUNPATH_SEARCH_PATHS = (
					"$(inherited)",
					"@executable_path/Frameworks",
					"@loader_path/Frameworks",
				);
				PRODUCT_BUNDLE_IDENTIFIER = com.sparkout.TestCaseDemoUITests;
				PRODUCT_NAME = "$(TARGET_NAME)";
				SWIFT_VERSION = 5.0;
				TARGETED_DEVICE_FAMILY = "1,2";
				TEST_TARGET_NAME = TestCaseDemo;
			};
			name = Debug;
		};
		3BDCA55925076FB6009D0380 /* Release */ = {
			isa = XCBuildConfiguration;
			baseConfigurationReference = 67FB9D0FA0B0408AB7FD2646 /* Pods-TestCaseDemo-TestCaseDemoUITests.release.xcconfig */;
			buildSettings = {
				ALWAYS_EMBED_SWIFT_STANDARD_LIBRARIES = YES;
				CODE_SIGN_STYLE = Automatic;
				INFOPLIST_FILE = TestCaseDemoUITests/Info.plist;
				LD_RUNPATH_SEARCH_PATHS = (
					"$(inherited)",
					"@executable_path/Frameworks",
					"@loader_path/Frameworks",
				);
				PRODUCT_BUNDLE_IDENTIFIER = com.sparkout.TestCaseDemoUITests;
				PRODUCT_NAME = "$(TARGET_NAME)";
				SWIFT_VERSION = 5.0;
				TARGETED_DEVICE_FAMILY = "1,2";
				TEST_TARGET_NAME = TestCaseDemo;
			};
			name = Release;
		};
/* End XCBuildConfiguration section */

/* Begin XCConfigurationList section */
		3BDCA52225076F96009D0380 /* Build configuration list for PBXProject "TestCaseDemo" */ = {
			isa = XCConfigurationList;
			buildConfigurations = (
				3BDCA54F25076FB6009D0380 /* Debug */,
				3BDCA55025076FB6009D0380 /* Release */,
			);
			defaultConfigurationIsVisible = 0;
			defaultConfigurationName = Release;
		};
		3BDCA55125076FB6009D0380 /* Build configuration list for PBXNativeTarget "TestCaseDemo" */ = {
			isa = XCConfigurationList;
			buildConfigurations = (
				3BDCA55225076FB6009D0380 /* Debug */,
				3BDCA55325076FB6009D0380 /* Release */,
			);
			defaultConfigurationIsVisible = 0;
			defaultConfigurationName = Release;
		};
		3BDCA55425076FB6009D0380 /* Build configuration list for PBXNativeTarget "TestCaseDemoTests" */ = {
			isa = XCConfigurationList;
			buildConfigurations = (
				3BDCA55525076FB6009D0380 /* Debug */,
				3BDCA55625076FB6009D0380 /* Release */,
			);
			defaultConfigurationIsVisible = 0;
			defaultConfigurationName = Release;
		};
		3BDCA55725076FB6009D0380 /* Build configuration list for PBXNativeTarget "TestCaseDemoUITests" */ = {
			isa = XCConfigurationList;
			buildConfigurations = (
				3BDCA55825076FB6009D0380 /* Debug */,
				3BDCA55925076FB6009D0380 /* Release */,
			);
			defaultConfigurationIsVisible = 0;
			defaultConfigurationName = Release;
		};
/* End XCConfigurationList section */
	};
	rootObject = 3BDCA51F25076F96009D0380 /* Project object */;
}
